
Microsoft Visual Studio Solution File, Format Version 12.00
# Visual Studio Version 16
VisualStudioVersion = 16.0.34601.136
MinimumVisualStudioVersion = 10.0.40219.1
Project("{FAE04EC0-301F-11D3-BF4B-00C04F79EFBC}") = "CalcularArea", "CalcularArea\CalcularArea.csproj", "{92F2E647-F2C2-4617-BCCF-00AA39348BD5}"
EndProject
Global
	GlobalSection(SolutionConfigurationPlatforms) = preSolution
		Debug|Any CPU = Debug|Any CPU
		Release|Any CPU = Release|Any CPU
	EndGlobalSection
	GlobalSection(ProjectConfigurationPlatforms) = postSolution
		{92F2E647-F2C2-4617-BCCF-00AA39348BD5}.Debug|Any CPU.ActiveCfg = Debug|Any CPU
		{92F2E647-F2C2-4617-BCCF-00AA39348BD5}.Debug|Any CPU.Build.0 = Debug|Any CPU
		{92F2E647-F2C2-4617-BCCF-00AA39348BD5}.Release|Any CPU.ActiveCfg = Release|Any CPU
		{92F2E647-F2C2-4617-BCCF-00AA39348BD5}.Release|Any CPU.Build.0 = Release|Any CPU
	EndGlobalSection
	GlobalSection(SolutionProperties) = preSolution
		HideSolutionNode = FALSE
	EndGlobalSection
	GlobalSection(ExtensibilityGlobals) = postSolution
		SolutionGuid = {6161DD4D-0443-41AE-92CB-8B492967011A}
	EndGlobalSection
EndGlobal
