
Microsoft Visual Studio Solution File, Format Version 12.00
# Visual Studio Version 16
VisualStudioVersion = 16.0.34601.136
MinimumVisualStudioVersion = 10.0.40219.1
Project("{FAE04EC0-301F-11D3-BF4B-00C04F79EFBC}") = "Métodos", "Métodos\Métodos.csproj", "{29BC9FE6-B5BF-483E-A986-3AF840A1C81C}"
EndProject
Global
	GlobalSection(SolutionConfigurationPlatforms) = preSolution
		Debug|Any CPU = Debug|Any CPU
		Release|Any CPU = Release|Any CPU
	EndGlobalSection
	GlobalSection(ProjectConfigurationPlatforms) = postSolution
		{29BC9FE6-B5BF-483E-A986-3AF840A1C81C}.Debug|Any CPU.ActiveCfg = Debug|Any CPU
		{29BC9FE6-B5BF-483E-A986-3AF840A1C81C}.Debug|Any CPU.Build.0 = Debug|Any CPU
		{29BC9FE6-B5BF-483E-A986-3AF840A1C81C}.Release|Any CPU.ActiveCfg = Release|Any CPU
		{29BC9FE6-B5BF-483E-A986-3AF840A1C81C}.Release|Any CPU.Build.0 = Release|Any CPU
	EndGlobalSection
	GlobalSection(SolutionProperties) = preSolution
		HideSolutionNode = FALSE
	EndGlobalSection
	GlobalSection(ExtensibilityGlobals) = postSolution
		SolutionGuid = {66697AF6-7C0A-4690-889B-F288D707265F}
	EndGlobalSection
EndGlobal
