
Microsoft Visual Studio Solution File, Format Version 12.00
# Visual Studio Version 16
VisualStudioVersion = 16.0.34601.136
MinimumVisualStudioVersion = 10.0.40219.1
Project("{FAE04EC0-301F-11D3-BF4B-00C04F79EFBC}") = "PrimerDibujo", "PrimerDibujo\PrimerDibujo.csproj", "{FB9FC285-6BF8-4F8E-A1B0-321661494048}"
EndProject
Global
	GlobalSection(SolutionConfigurationPlatforms) = preSolution
		Debug|Any CPU = Debug|Any CPU
		Release|Any CPU = Release|Any CPU
	EndGlobalSection
	GlobalSection(ProjectConfigurationPlatforms) = postSolution
		{FB9FC285-6BF8-4F8E-A1B0-321661494048}.Debug|Any CPU.ActiveCfg = Debug|Any CPU
		{FB9FC285-6BF8-4F8E-A1B0-321661494048}.Debug|Any CPU.Build.0 = Debug|Any CPU
		{FB9FC285-6BF8-4F8E-A1B0-321661494048}.Release|Any CPU.ActiveCfg = Release|Any CPU
		{FB9FC285-6BF8-4F8E-A1B0-321661494048}.Release|Any CPU.Build.0 = Release|Any CPU
	EndGlobalSection
	GlobalSection(SolutionProperties) = preSolution
		HideSolutionNode = FALSE
	EndGlobalSection
	GlobalSection(ExtensibilityGlobals) = postSolution
		SolutionGuid = {2BEE4FD4-E3AE-4535-A0AE-E043FE0DFE0E}
	EndGlobalSection
EndGlobal
