
Microsoft Visual Studio Solution File, Format Version 12.00
# Visual Studio Version 16
VisualStudioVersion = 16.0.34601.136
MinimumVisualStudioVersion = 10.0.40219.1
Project("{FAE04EC0-301F-11D3-BF4B-00C04F79EFBC}") = "AlgunasFormas", "AlgunasFormas\AlgunasFormas.csproj", "{C8BC0E79-921F-4A46-988C-FE3B0CA5D064}"
EndProject
Global
	GlobalSection(SolutionConfigurationPlatforms) = preSolution
		Debug|Any CPU = Debug|Any CPU
		Release|Any CPU = Release|Any CPU
	EndGlobalSection
	GlobalSection(ProjectConfigurationPlatforms) = postSolution
		{C8BC0E79-921F-4A46-988C-FE3B0CA5D064}.Debug|Any CPU.ActiveCfg = Debug|Any CPU
		{C8BC0E79-921F-4A46-988C-FE3B0CA5D064}.Debug|Any CPU.Build.0 = Debug|Any CPU
		{C8BC0E79-921F-4A46-988C-FE3B0CA5D064}.Release|Any CPU.ActiveCfg = Release|Any CPU
		{C8BC0E79-921F-4A46-988C-FE3B0CA5D064}.Release|Any CPU.Build.0 = Release|Any CPU
	EndGlobalSection
	GlobalSection(SolutionProperties) = preSolution
		HideSolutionNode = FALSE
	EndGlobalSection
	GlobalSection(ExtensibilityGlobals) = postSolution
		SolutionGuid = {FC05BA9A-3FB6-4658-993E-1E8CB4D102B0}
	EndGlobalSection
EndGlobal
